
Microsoft Visual Studio Solution File, Format Version 12.00
# Visual Studio Version 17
VisualStudioVersion = 17.5.33530.505
MinimumVisualStudioVersion = 10.0.40219.1
Project("{2150E333-8FDC-42A3-9474-1A3956D46DE8}") = "Emulators", "Emulators", "{A0000001-0000-0000-0000-000000000001}"
EndProject
Project("{2150E333-8FDC-42A3-9474-1A3956D46DE8}") = "Remote", "Remote", "{A0000002-0000-0000-0000-000000000002}"
EndProject
Project("{2150E333-8FDC-42A3-9474-1A3956D46DE8}") = "Misc", "Misc", "{A0000003-0000-0000-0000-000000000003}"
EndProject
Project("{FAE04EC0-301F-11D3-BF4B-00C04F79EFBC}") = "RaySand", "RaySand\RaySand.csproj", "{F094C9CD-7BE7-4DB0-8C6A-6A6E545B41C7}"
EndProject
Project("{FAE04EC0-301F-11D3-BF4B-00C04F79EFBC}") = "RayGame", "RayGame\RayGame.csproj", "{95854F66-9950-47CA-9007-9EB335474D7C}"
EndProject
Project("{FAE04EC0-301F-11D3-BF4B-00C04F79EFBC}") = "Pico8Emu", "Pico8Emu\Pico8Emu.csproj", "{99E60108-4524-48FD-86B0-F7948799D6A9}"
EndProject
Project("{FAE04EC0-301F-11D3-BF4B-00C04F79EFBC}") = "RayEngine", "RayEngine\RayEngine.csproj", "{F452B87B-AE1B-480F-863C-DF6B39404368}"
EndProject
Project("{FAE04EC0-301F-11D3-BF4B-00C04F79EFBC}") = "PsxEmu", "PsxEmu\PsxEmu.csproj", "{A3B8E57C-1F42-4D9A-B6C0-8E3D52A97104}"
EndProject
Project("{FAE04EC0-301F-11D3-BF4B-00C04F79EFBC}") = "N64Emu", "N64Emu\N64Emu.csproj", "{AFA256AB-92E0-43AC-9BB9-A49D32B41E7E}"
EndProject
Project("{FAE04EC0-301F-11D3-BF4B-00C04F79EFBC}") = "PspEmu", "PspEmu\PspEmu.csproj", "{E60BFDA8-75D5-4DE8-8C23-B1B281B4B005}"
EndProject
Project("{FAE04EC0-301F-11D3-BF4B-00C04F79EFBC}") = "J2meEmu", "J2meEmu\J2meEmu.csproj", "{74C93F4D-B145-4B03-8ECD-F4DE7D4458AD}"
EndProject
Project("{FAE04EC0-301F-11D3-BF4B-00C04F79EFBC}") = "GcEmu", "GcEmu\GcEmu.csproj", "{96525894-D47F-4858-AD21-9D1EF7DD806C}"
EndProject
Project("{FAE04EC0-301F-11D3-BF4B-00C04F79EFBC}") = "SharpDesk", "SharpDesk\SharpDesk.csproj", "{10546C75-AD60-45E7-A45B-8C61AD58B5C5}"
EndProject
Project("{FAE04EC0-301F-11D3-BF4B-00C04F79EFBC}") = "SharpDesk.Relay", "SharpDesk.Relay\SharpDesk.Relay.csproj", "{B0000001-0000-0000-0000-000000000001}"
EndProject
Global
	GlobalSection(SolutionConfigurationPlatforms) = preSolution
		Debug|Any CPU = Debug|Any CPU
		Debug|x64 = Debug|x64
		Debug|x86 = Debug|x86
		Release|Any CPU = Release|Any CPU
		Release|x64 = Release|x64
		Release|x86 = Release|x86
	EndGlobalSection
	GlobalSection(ProjectConfigurationPlatforms) = postSolution
		{F094C9CD-7BE7-4DB0-8C6A-6A6E545B41C7}.Debug|Any CPU.ActiveCfg = Debug|Any CPU
		{F094C9CD-7BE7-4DB0-8C6A-6A6E545B41C7}.Debug|Any CPU.Build.0 = Debug|Any CPU
		{F094C9CD-7BE7-4DB0-8C6A-6A6E545B41C7}.Debug|x64.ActiveCfg = Debug|Any CPU
		{F094C9CD-7BE7-4DB0-8C6A-6A6E545B41C7}.Debug|x64.Build.0 = Debug|Any CPU
		{F094C9CD-7BE7-4DB0-8C6A-6A6E545B41C7}.Debug|x86.ActiveCfg = Debug|Any CPU
		{F094C9CD-7BE7-4DB0-8C6A-6A6E545B41C7}.Debug|x86.Build.0 = Debug|Any CPU
		{F094C9CD-7BE7-4DB0-8C6A-6A6E545B41C7}.Release|Any CPU.ActiveCfg = Release|Any CPU
		{F094C9CD-7BE7-4DB0-8C6A-6A6E545B41C7}.Release|Any CPU.Build.0 = Release|Any CPU
		{F094C9CD-7BE7-4DB0-8C6A-6A6E545B41C7}.Release|x64.ActiveCfg = Release|Any CPU
		{F094C9CD-7BE7-4DB0-8C6A-6A6E545B41C7}.Release|x64.Build.0 = Release|Any CPU
		{F094C9CD-7BE7-4DB0-8C6A-6A6E545B41C7}.Release|x86.ActiveCfg = Release|Any CPU
		{F094C9CD-7BE7-4DB0-8C6A-6A6E545B41C7}.Release|x86.Build.0 = Release|Any CPU
		{95854F66-9950-47CA-9007-9EB335474D7C}.Debug|Any CPU.ActiveCfg = Debug|Any CPU
		{95854F66-9950-47CA-9007-9EB335474D7C}.Debug|Any CPU.Build.0 = Debug|Any CPU
		{95854F66-9950-47CA-9007-9EB335474D7C}.Debug|x64.ActiveCfg = Debug|Any CPU
		{95854F66-9950-47CA-9007-9EB335474D7C}.Debug|x64.Build.0 = Debug|Any CPU
		{95854F66-9950-47CA-9007-9EB335474D7C}.Debug|x86.ActiveCfg = Debug|Any CPU
		{95854F66-9950-47CA-9007-9EB335474D7C}.Debug|x86.Build.0 = Debug|Any CPU
		{95854F66-9950-47CA-9007-9EB335474D7C}.Release|Any CPU.ActiveCfg = Release|Any CPU
		{95854F66-9950-47CA-9007-9EB335474D7C}.Release|Any CPU.Build.0 = Release|Any CPU
		{95854F66-9950-47CA-9007-9EB335474D7C}.Release|x64.ActiveCfg = Release|Any CPU
		{95854F66-9950-47CA-9007-9EB335474D7C}.Release|x64.Build.0 = Release|Any CPU
		{95854F66-9950-47CA-9007-9EB335474D7C}.Release|x86.ActiveCfg = Release|Any CPU
		{95854F66-9950-47CA-9007-9EB335474D7C}.Release|x86.Build.0 = Release|Any CPU
		{99E60108-4524-48FD-86B0-F7948799D6A9}.Debug|Any CPU.ActiveCfg = Debug|Any CPU
		{99E60108-4524-48FD-86B0-F7948799D6A9}.Debug|Any CPU.Build.0 = Debug|Any CPU
		{99E60108-4524-48FD-86B0-F7948799D6A9}.Debug|x64.ActiveCfg = Debug|Any CPU
		{99E60108-4524-48FD-86B0-F7948799D6A9}.Debug|x64.Build.0 = Debug|Any CPU
		{99E60108-4524-48FD-86B0-F7948799D6A9}.Debug|x86.ActiveCfg = Debug|Any CPU
		{99E60108-4524-48FD-86B0-F7948799D6A9}.Debug|x86.Build.0 = Debug|Any CPU
		{99E60108-4524-48FD-86B0-F7948799D6A9}.Release|Any CPU.ActiveCfg = Release|Any CPU
		{99E60108-4524-48FD-86B0-F7948799D6A9}.Release|Any CPU.Build.0 = Release|Any CPU
		{99E60108-4524-48FD-86B0-F7948799D6A9}.Release|x64.ActiveCfg = Release|Any CPU
		{99E60108-4524-48FD-86B0-F7948799D6A9}.Release|x64.Build.0 = Release|Any CPU
		{99E60108-4524-48FD-86B0-F7948799D6A9}.Release|x86.ActiveCfg = Release|Any CPU
		{99E60108-4524-48FD-86B0-F7948799D6A9}.Release|x86.Build.0 = Release|Any CPU
		{F452B87B-AE1B-480F-863C-DF6B39404368}.Debug|Any CPU.ActiveCfg = Debug|Any CPU
		{F452B87B-AE1B-480F-863C-DF6B39404368}.Debug|Any CPU.Build.0 = Debug|Any CPU
		{F452B87B-AE1B-480F-863C-DF6B39404368}.Debug|x64.ActiveCfg = Debug|Any CPU
		{F452B87B-AE1B-480F-863C-DF6B39404368}.Debug|x64.Build.0 = Debug|Any CPU
		{F452B87B-AE1B-480F-863C-DF6B39404368}.Debug|x86.ActiveCfg = Debug|Any CPU
		{F452B87B-AE1B-480F-863C-DF6B39404368}.Debug|x86.Build.0 = Debug|Any CPU
		{F452B87B-AE1B-480F-863C-DF6B39404368}.Release|Any CPU.ActiveCfg = Release|Any CPU
		{F452B87B-AE1B-480F-863C-DF6B39404368}.Release|Any CPU.Build.0 = Release|Any CPU
		{F452B87B-AE1B-480F-863C-DF6B39404368}.Release|x64.ActiveCfg = Release|Any CPU
		{F452B87B-AE1B-480F-863C-DF6B39404368}.Release|x64.Build.0 = Release|Any CPU
		{F452B87B-AE1B-480F-863C-DF6B39404368}.Release|x86.ActiveCfg = Release|Any CPU
		{F452B87B-AE1B-480F-863C-DF6B39404368}.Release|x86.Build.0 = Release|Any CPU
		{A3B8E57C-1F42-4D9A-B6C0-8E3D52A97104}.Debug|Any CPU.ActiveCfg = Debug|Any CPU
		{A3B8E57C-1F42-4D9A-B6C0-8E3D52A97104}.Debug|Any CPU.Build.0 = Debug|Any CPU
		{A3B8E57C-1F42-4D9A-B6C0-8E3D52A97104}.Debug|x64.ActiveCfg = Debug|Any CPU
		{A3B8E57C-1F42-4D9A-B6C0-8E3D52A97104}.Debug|x64.Build.0 = Debug|Any CPU
		{A3B8E57C-1F42-4D9A-B6C0-8E3D52A97104}.Debug|x86.ActiveCfg = Debug|Any CPU
		{A3B8E57C-1F42-4D9A-B6C0-8E3D52A97104}.Debug|x86.Build.0 = Debug|Any CPU
		{A3B8E57C-1F42-4D9A-B6C0-8E3D52A97104}.Release|Any CPU.ActiveCfg = Release|Any CPU
		{A3B8E57C-1F42-4D9A-B6C0-8E3D52A97104}.Release|Any CPU.Build.0 = Release|Any CPU
		{A3B8E57C-1F42-4D9A-B6C0-8E3D52A97104}.Release|x64.ActiveCfg = Release|Any CPU
		{A3B8E57C-1F42-4D9A-B6C0-8E3D52A97104}.Release|x64.Build.0 = Release|Any CPU
		{A3B8E57C-1F42-4D9A-B6C0-8E3D52A97104}.Release|x86.ActiveCfg = Release|Any CPU
		{A3B8E57C-1F42-4D9A-B6C0-8E3D52A97104}.Release|x86.Build.0 = Release|Any CPU
		{AFA256AB-92E0-43AC-9BB9-A49D32B41E7E}.Debug|Any CPU.ActiveCfg = Debug|Any CPU
		{AFA256AB-92E0-43AC-9BB9-A49D32B41E7E}.Debug|Any CPU.Build.0 = Debug|Any CPU
		{AFA256AB-92E0-43AC-9BB9-A49D32B41E7E}.Debug|x64.ActiveCfg = Debug|Any CPU
		{AFA256AB-92E0-43AC-9BB9-A49D32B41E7E}.Debug|x64.Build.0 = Debug|Any CPU
		{AFA256AB-92E0-43AC-9BB9-A49D32B41E7E}.Debug|x86.ActiveCfg = Debug|Any CPU
		{AFA256AB-92E0-43AC-9BB9-A49D32B41E7E}.Debug|x86.Build.0 = Debug|Any CPU
		{AFA256AB-92E0-43AC-9BB9-A49D32B41E7E}.Release|Any CPU.ActiveCfg = Release|Any CPU
		{AFA256AB-92E0-43AC-9BB9-A49D32B41E7E}.Release|Any CPU.Build.0 = Release|Any CPU
		{AFA256AB-92E0-43AC-9BB9-A49D32B41E7E}.Release|x64.ActiveCfg = Release|Any CPU
		{AFA256AB-92E0-43AC-9BB9-A49D32B41E7E}.Release|x64.Build.0 = Release|Any CPU
		{AFA256AB-92E0-43AC-9BB9-A49D32B41E7E}.Release|x86.ActiveCfg = Release|Any CPU
		{AFA256AB-92E0-43AC-9BB9-A49D32B41E7E}.Release|x86.Build.0 = Release|Any CPU
		{E60BFDA8-75D5-4DE8-8C23-B1B281B4B005}.Debug|Any CPU.ActiveCfg = Debug|Any CPU
		{E60BFDA8-75D5-4DE8-8C23-B1B281B4B005}.Debug|Any CPU.Build.0 = Debug|Any CPU
		{E60BFDA8-75D5-4DE8-8C23-B1B281B4B005}.Debug|x64.ActiveCfg = Debug|Any CPU
		{E60BFDA8-75D5-4DE8-8C23-B1B281B4B005}.Debug|x64.Build.0 = Debug|Any CPU
		{E60BFDA8-75D5-4DE8-8C23-B1B281B4B005}.Debug|x86.ActiveCfg = Debug|Any CPU
		{E60BFDA8-75D5-4DE8-8C23-B1B281B4B005}.Debug|x86.Build.0 = Debug|Any CPU
		{E60BFDA8-75D5-4DE8-8C23-B1B281B4B005}.Release|Any CPU.ActiveCfg = Release|Any CPU
		{E60BFDA8-75D5-4DE8-8C23-B1B281B4B005}.Release|Any CPU.Build.0 = Release|Any CPU
		{E60BFDA8-75D5-4DE8-8C23-B1B281B4B005}.Release|x64.ActiveCfg = Release|Any CPU
		{E60BFDA8-75D5-4DE8-8C23-B1B281B4B005}.Release|x64.Build.0 = Release|Any CPU
		{E60BFDA8-75D5-4DE8-8C23-B1B281B4B005}.Release|x86.ActiveCfg = Release|Any CPU
		{E60BFDA8-75D5-4DE8-8C23-B1B281B4B005}.Release|x86.Build.0 = Release|Any CPU
		{74C93F4D-B145-4B03-8ECD-F4DE7D4458AD}.Debug|Any CPU.ActiveCfg = Debug|Any CPU
		{74C93F4D-B145-4B03-8ECD-F4DE7D4458AD}.Debug|Any CPU.Build.0 = Debug|Any CPU
		{74C93F4D-B145-4B03-8ECD-F4DE7D4458AD}.Debug|x64.ActiveCfg = Debug|Any CPU
		{74C93F4D-B145-4B03-8ECD-F4DE7D4458AD}.Debug|x64.Build.0 = Debug|Any CPU
		{74C93F4D-B145-4B03-8ECD-F4DE7D4458AD}.Debug|x86.ActiveCfg = Debug|Any CPU
		{74C93F4D-B145-4B03-8ECD-F4DE7D4458AD}.Debug|x86.Build.0 = Debug|Any CPU
		{74C93F4D-B145-4B03-8ECD-F4DE7D4458AD}.Release|Any CPU.ActiveCfg = Release|Any CPU
		{74C93F4D-B145-4B03-8ECD-F4DE7D4458AD}.Release|Any CPU.Build.0 = Release|Any CPU
		{74C93F4D-B145-4B03-8ECD-F4DE7D4458AD}.Release|x64.ActiveCfg = Release|Any CPU
		{74C93F4D-B145-4B03-8ECD-F4DE7D4458AD}.Release|x64.Build.0 = Release|Any CPU
		{74C93F4D-B145-4B03-8ECD-F4DE7D4458AD}.Release|x86.ActiveCfg = Release|Any CPU
		{74C93F4D-B145-4B03-8ECD-F4DE7D4458AD}.Release|x86.Build.0 = Release|Any CPU
		{96525894-D47F-4858-AD21-9D1EF7DD806C}.Debug|Any CPU.ActiveCfg = Debug|Any CPU
		{96525894-D47F-4858-AD21-9D1EF7DD806C}.Debug|Any CPU.Build.0 = Debug|Any CPU
		{96525894-D47F-4858-AD21-9D1EF7DD806C}.Debug|x64.ActiveCfg = Debug|Any CPU
		{96525894-D47F-4858-AD21-9D1EF7DD806C}.Debug|x64.Build.0 = Debug|Any CPU
		{96525894-D47F-4858-AD21-9D1EF7DD806C}.Debug|x86.ActiveCfg = Debug|Any CPU
		{96525894-D47F-4858-AD21-9D1EF7DD806C}.Debug|x86.Build.0 = Debug|Any CPU
		{96525894-D47F-4858-AD21-9D1EF7DD806C}.Release|Any CPU.ActiveCfg = Release|Any CPU
		{96525894-D47F-4858-AD21-9D1EF7DD806C}.Release|Any CPU.Build.0 = Release|Any CPU
		{96525894-D47F-4858-AD21-9D1EF7DD806C}.Release|x64.ActiveCfg = Release|Any CPU
		{96525894-D47F-4858-AD21-9D1EF7DD806C}.Release|x64.Build.0 = Release|Any CPU
		{96525894-D47F-4858-AD21-9D1EF7DD806C}.Release|x86.ActiveCfg = Release|Any CPU
		{96525894-D47F-4858-AD21-9D1EF7DD806C}.Release|x86.Build.0 = Release|Any CPU
		{10546C75-AD60-45E7-A45B-8C61AD58B5C5}.Debug|Any CPU.ActiveCfg = Debug|Any CPU
		{10546C75-AD60-45E7-A45B-8C61AD58B5C5}.Debug|Any CPU.Build.0 = Debug|Any CPU
		{10546C75-AD60-45E7-A45B-8C61AD58B5C5}.Debug|x64.ActiveCfg = Debug|Any CPU
		{10546C75-AD60-45E7-A45B-8C61AD58B5C5}.Debug|x64.Build.0 = Debug|Any CPU
		{10546C75-AD60-45E7-A45B-8C61AD58B5C5}.Debug|x86.ActiveCfg = Debug|Any CPU
		{10546C75-AD60-45E7-A45B-8C61AD58B5C5}.Debug|x86.Build.0 = Debug|Any CPU
		{10546C75-AD60-45E7-A45B-8C61AD58B5C5}.Release|Any CPU.ActiveCfg = Release|Any CPU
		{10546C75-AD60-45E7-A45B-8C61AD58B5C5}.Release|Any CPU.Build.0 = Release|Any CPU
		{10546C75-AD60-45E7-A45B-8C61AD58B5C5}.Release|x64.ActiveCfg = Release|Any CPU
		{10546C75-AD60-45E7-A45B-8C61AD58B5C5}.Release|x64.Build.0 = Release|Any CPU
		{10546C75-AD60-45E7-A45B-8C61AD58B5C5}.Release|x86.ActiveCfg = Release|Any CPU
		{10546C75-AD60-45E7-A45B-8C61AD58B5C5}.Release|x86.Build.0 = Release|Any CPU
		{B0000001-0000-0000-0000-000000000001}.Debug|Any CPU.ActiveCfg = Debug|Any CPU
		{B0000001-0000-0000-0000-000000000001}.Debug|Any CPU.Build.0 = Debug|Any CPU
		{B0000001-0000-0000-0000-000000000001}.Debug|x64.ActiveCfg = Debug|Any CPU
		{B0000001-0000-0000-0000-000000000001}.Debug|x64.Build.0 = Debug|Any CPU
		{B0000001-0000-0000-0000-000000000001}.Debug|x86.ActiveCfg = Debug|Any CPU
		{B0000001-0000-0000-0000-000000000001}.Debug|x86.Build.0 = Debug|Any CPU
		{B0000001-0000-0000-0000-000000000001}.Release|Any CPU.ActiveCfg = Release|Any CPU
		{B0000001-0000-0000-0000-000000000001}.Release|Any CPU.Build.0 = Release|Any CPU
		{B0000001-0000-0000-0000-000000000001}.Release|x64.ActiveCfg = Release|Any CPU
		{B0000001-0000-0000-0000-000000000001}.Release|x64.Build.0 = Release|Any CPU
		{B0000001-0000-0000-0000-000000000001}.Release|x86.ActiveCfg = Release|Any CPU
		{B0000001-0000-0000-0000-000000000001}.Release|x86.Build.0 = Release|Any CPU
	EndGlobalSection
	GlobalSection(SolutionProperties) = preSolution
		HideSolutionNode = FALSE
	EndGlobalSection
	GlobalSection(NestedProjects) = preSolution
		{A3B8E57C-1F42-4D9A-B6C0-8E3D52A97104} = {A0000001-0000-0000-0000-000000000001}
		{AFA256AB-92E0-43AC-9BB9-A49D32B41E7E} = {A0000001-0000-0000-0000-000000000001}
		{E60BFDA8-75D5-4DE8-8C23-B1B281B4B005} = {A0000001-0000-0000-0000-000000000001}
		{74C93F4D-B145-4B03-8ECD-F4DE7D4458AD} = {A0000001-0000-0000-0000-000000000001}
		{96525894-D47F-4858-AD21-9D1EF7DD806C} = {A0000001-0000-0000-0000-000000000001}
		{99E60108-4524-48FD-86B0-F7948799D6A9} = {A0000001-0000-0000-0000-000000000001}
		{10546C75-AD60-45E7-A45B-8C61AD58B5C5} = {A0000002-0000-0000-0000-000000000002}
		{B0000001-0000-0000-0000-000000000001} = {A0000002-0000-0000-0000-000000000002}
		{F094C9CD-7BE7-4DB0-8C6A-6A6E545B41C7} = {A0000003-0000-0000-0000-000000000003}
		{95854F66-9950-47CA-9007-9EB335474D7C} = {A0000003-0000-0000-0000-000000000003}
		{F452B87B-AE1B-480F-863C-DF6B39404368} = {A0000003-0000-0000-0000-000000000003}
	EndGlobalSection
	GlobalSection(ExtensibilityGlobals) = postSolution
		SolutionGuid = {D9B68CE1-A018-452B-BF99-10A726BF31F3}
	EndGlobalSection
EndGlobal
