
Microsoft Visual Studio Solution File, Format Version 12.00
# Visual Studio Version 17
VisualStudioVersion = 17.5.33530.505
MinimumVisualStudioVersion = 10.0.40219.1
Project("{FAE04EC0-301F-11D3-BF4B-00C04F79EFBC}") = "RaySand", "RaySand\RaySand.csproj", "{F094C9CD-7BE7-4DB0-8C6A-6A6E545B41C7}"
EndProject
Project("{FAE04EC0-301F-11D3-BF4B-00C04F79EFBC}") = "RayGame", "RayGame\RayGame.csproj", "{95854F66-9950-47CA-9007-9EB335474D7C}"
EndProject
Project("{FAE04EC0-301F-11D3-BF4B-00C04F79EFBC}") = "Pico8Emu", "Pico8Emu\Pico8Emu.csproj", "{99E60108-4524-48FD-86B0-F7948799D6A9}"
EndProject
Project("{FAE04EC0-301F-11D3-BF4B-00C04F79EFBC}") = "RayEngine", "RayEngine\RayEngine.csproj", "{F452B87B-AE1B-480F-863C-DF6B39404368}"
EndProject
Project("{FAE04EC0-301F-11D3-BF4B-00C04F79EFBC}") = "PsxEmu", "PsxEmu\PsxEmu.csproj", "{A3B8E57C-1F42-4D9A-B6C0-8E3D52A97104}"
EndProject
Global
	GlobalSection(SolutionConfigurationPlatforms) = preSolution
		Debug|Any CPU = Debug|Any CPU
		Debug|x64 = Debug|x64
		Debug|x86 = Debug|x86
		Release|Any CPU = Release|Any CPU
		Release|x64 = Release|x64
		Release|x86 = Release|x86
	EndGlobalSection
	GlobalSection(ProjectConfigurationPlatforms) = postSolution
		{F094C9CD-7BE7-4DB0-8C6A-6A6E545B41C7}.Debug|Any CPU.ActiveCfg = Debug|Any CPU
		{F094C9CD-7BE7-4DB0-8C6A-6A6E545B41C7}.Debug|Any CPU.Build.0 = Debug|Any CPU
		{F094C9CD-7BE7-4DB0-8C6A-6A6E545B41C7}.Debug|x64.ActiveCfg = Debug|Any CPU
		{F094C9CD-7BE7-4DB0-8C6A-6A6E545B41C7}.Debug|x64.Build.0 = Debug|Any CPU
		{F094C9CD-7BE7-4DB0-8C6A-6A6E545B41C7}.Debug|x86.ActiveCfg = Debug|Any CPU
		{F094C9CD-7BE7-4DB0-8C6A-6A6E545B41C7}.Debug|x86.Build.0 = Debug|Any CPU
		{F094C9CD-7BE7-4DB0-8C6A-6A6E545B41C7}.Release|Any CPU.ActiveCfg = Release|Any CPU
		{F094C9CD-7BE7-4DB0-8C6A-6A6E545B41C7}.Release|Any CPU.Build.0 = Release|Any CPU
		{F094C9CD-7BE7-4DB0-8C6A-6A6E545B41C7}.Release|x64.ActiveCfg = Release|Any CPU
		{F094C9CD-7BE7-4DB0-8C6A-6A6E545B41C7}.Release|x64.Build.0 = Release|Any CPU
		{F094C9CD-7BE7-4DB0-8C6A-6A6E545B41C7}.Release|x86.ActiveCfg = Release|Any CPU
		{F094C9CD-7BE7-4DB0-8C6A-6A6E545B41C7}.Release|x86.Build.0 = Release|Any CPU
		{95854F66-9950-47CA-9007-9EB335474D7C}.Debug|Any CPU.ActiveCfg = Debug|Any CPU
		{95854F66-9950-47CA-9007-9EB335474D7C}.Debug|Any CPU.Build.0 = Debug|Any CPU
		{95854F66-9950-47CA-9007-9EB335474D7C}.Debug|x64.ActiveCfg = Debug|Any CPU
		{95854F66-9950-47CA-9007-9EB335474D7C}.Debug|x64.Build.0 = Debug|Any CPU
		{95854F66-9950-47CA-9007-9EB335474D7C}.Debug|x86.ActiveCfg = Debug|Any CPU
		{95854F66-9950-47CA-9007-9EB335474D7C}.Debug|x86.Build.0 = Debug|Any CPU
		{95854F66-9950-47CA-9007-9EB335474D7C}.Release|Any CPU.ActiveCfg = Release|Any CPU
		{95854F66-9950-47CA-9007-9EB335474D7C}.Release|Any CPU.Build.0 = Release|Any CPU
		{95854F66-9950-47CA-9007-9EB335474D7C}.Release|x64.ActiveCfg = Release|Any CPU
		{95854F66-9950-47CA-9007-9EB335474D7C}.Release|x64.Build.0 = Release|Any CPU
		{95854F66-9950-47CA-9007-9EB335474D7C}.Release|x86.ActiveCfg = Release|Any CPU
		{95854F66-9950-47CA-9007-9EB335474D7C}.Release|x86.Build.0 = Release|Any CPU
		{99E60108-4524-48FD-86B0-F7948799D6A9}.Debug|Any CPU.ActiveCfg = Debug|Any CPU
		{99E60108-4524-48FD-86B0-F7948799D6A9}.Debug|Any CPU.Build.0 = Debug|Any CPU
		{99E60108-4524-48FD-86B0-F7948799D6A9}.Debug|x64.ActiveCfg = Debug|Any CPU
		{99E60108-4524-48FD-86B0-F7948799D6A9}.Debug|x64.Build.0 = Debug|Any CPU
		{99E60108-4524-48FD-86B0-F7948799D6A9}.Debug|x86.ActiveCfg = Debug|Any CPU
		{99E60108-4524-48FD-86B0-F7948799D6A9}.Debug|x86.Build.0 = Debug|Any CPU
		{99E60108-4524-48FD-86B0-F7948799D6A9}.Release|Any CPU.ActiveCfg = Release|Any CPU
		{99E60108-4524-48FD-86B0-F7948799D6A9}.Release|Any CPU.Build.0 = Release|Any CPU
		{99E60108-4524-48FD-86B0-F7948799D6A9}.Release|x64.ActiveCfg = Release|Any CPU
		{99E60108-4524-48FD-86B0-F7948799D6A9}.Release|x64.Build.0 = Release|Any CPU
		{99E60108-4524-48FD-86B0-F7948799D6A9}.Release|x86.ActiveCfg = Release|Any CPU
		{99E60108-4524-48FD-86B0-F7948799D6A9}.Release|x86.Build.0 = Release|Any CPU
		{F452B87B-AE1B-480F-863C-DF6B39404368}.Debug|Any CPU.ActiveCfg = Debug|Any CPU
		{F452B87B-AE1B-480F-863C-DF6B39404368}.Debug|Any CPU.Build.0 = Debug|Any CPU
		{F452B87B-AE1B-480F-863C-DF6B39404368}.Debug|x64.ActiveCfg = Debug|Any CPU
		{F452B87B-AE1B-480F-863C-DF6B39404368}.Debug|x64.Build.0 = Debug|Any CPU
		{F452B87B-AE1B-480F-863C-DF6B39404368}.Debug|x86.ActiveCfg = Debug|Any CPU
		{F452B87B-AE1B-480F-863C-DF6B39404368}.Debug|x86.Build.0 = Debug|Any CPU
		{F452B87B-AE1B-480F-863C-DF6B39404368}.Release|Any CPU.ActiveCfg = Release|Any CPU
		{F452B87B-AE1B-480F-863C-DF6B39404368}.Release|Any CPU.Build.0 = Release|Any CPU
		{F452B87B-AE1B-480F-863C-DF6B39404368}.Release|x64.ActiveCfg = Release|Any CPU
		{F452B87B-AE1B-480F-863C-DF6B39404368}.Release|x64.Build.0 = Release|Any CPU
		{F452B87B-AE1B-480F-863C-DF6B39404368}.Release|x86.ActiveCfg = Release|Any CPU
		{F452B87B-AE1B-480F-863C-DF6B39404368}.Release|x86.Build.0 = Release|Any CPU
		{A3B8E57C-1F42-4D9A-B6C0-8E3D52A97104}.Debug|Any CPU.ActiveCfg = Debug|Any CPU
		{A3B8E57C-1F42-4D9A-B6C0-8E3D52A97104}.Debug|Any CPU.Build.0 = Debug|Any CPU
		{A3B8E57C-1F42-4D9A-B6C0-8E3D52A97104}.Debug|x64.ActiveCfg = Debug|Any CPU
		{A3B8E57C-1F42-4D9A-B6C0-8E3D52A97104}.Debug|x64.Build.0 = Debug|Any CPU
		{A3B8E57C-1F42-4D9A-B6C0-8E3D52A97104}.Debug|x86.ActiveCfg = Debug|Any CPU
		{A3B8E57C-1F42-4D9A-B6C0-8E3D52A97104}.Debug|x86.Build.0 = Debug|Any CPU
		{A3B8E57C-1F42-4D9A-B6C0-8E3D52A97104}.Release|Any CPU.ActiveCfg = Release|Any CPU
		{A3B8E57C-1F42-4D9A-B6C0-8E3D52A97104}.Release|Any CPU.Build.0 = Release|Any CPU
		{A3B8E57C-1F42-4D9A-B6C0-8E3D52A97104}.Release|x64.ActiveCfg = Release|Any CPU
		{A3B8E57C-1F42-4D9A-B6C0-8E3D52A97104}.Release|x64.Build.0 = Release|Any CPU
		{A3B8E57C-1F42-4D9A-B6C0-8E3D52A97104}.Release|x86.ActiveCfg = Release|Any CPU
		{A3B8E57C-1F42-4D9A-B6C0-8E3D52A97104}.Release|x86.Build.0 = Release|Any CPU
	EndGlobalSection
	GlobalSection(SolutionProperties) = preSolution
		HideSolutionNode = FALSE
	EndGlobalSection
	GlobalSection(ExtensibilityGlobals) = postSolution
		SolutionGuid = {D9B68CE1-A018-452B-BF99-10A726BF31F3}
	EndGlobalSection
EndGlobal
